<Solution>
  <Folder Name="/src/">
    <Project Path="src/TransitPulse.API/TransitPulse.API.csproj" />
    <Project Path="src/TransitPulse.Application/TransitPulse.Application.csproj" />
    <Project Path="src/TransitPulse.Domain/TransitPulse.Domain.csproj" />
    <Project Path="src/TransitPulse.Infrastructure/TransitPulse.Infrastructure.csproj" />
  </Folder>
  <Folder Name="/tests/">
    <Project Path="tests/TransitPulse.API.Tests/TransitPulse.API.Tests.csproj" />
    <Project Path="tests/TransitPulse.Application.Tests/TransitPulse.Application.Tests.csproj" />
    <Project Path="tests/TransitPulse.Infrastructure.Tests/TransitPulse.Infrastructure.Tests.csproj" />
  </Folder>
</Solution>
